{
  "name": "jobot",
  "lockfileVersion": 3,
  "requires": true,
  "packages": {
    "": {
      "dependencies": {
        "eventsource-parser": "^2.0.0"
      }
    },
    "node_modules/eventsource-parser": {
      "version": "2.0.0",
      "resolved": "https://registry.npmjs.org/eventsource-parser/-/eventsource-parser-2.0.0.tgz",
      "integrity": "sha512-pJDIR9xtzG5tfP9F0gWTR8y4Aj32pmkO/o2326cABzDK4pbdd7RH/aJH/qI1lcVdkmzYGdYdEeost5j3WU4SZg==",
      "license": "MIT",
      "engines": {
        "node": ">=18.0.0"
      }
    }
  }
}
